
Microsoft Visual Studio Solution File, Format Version 12.00
# Visual Studio Version 17
VisualStudioVersion = 17.5.33424.131
MinimumVisualStudioVersion = 10.0.40219.1
Project("{FAE04EC0-301F-11D3-BF4B-00C04F79EFBC}") = "Positions", "Positions\Positions.csproj", "{EFCE58E5-F17C-449D-B72A-188420A55183}"
EndProject
Global
	GlobalSection(SolutionConfigurationPlatforms) = preSolution
		Debug|Any CPU = Debug|Any CPU
		Release|Any CPU = Release|Any CPU
	EndGlobalSection
	GlobalSection(ProjectConfigurationPlatforms) = postSolution
		{EFCE58E5-F17C-449D-B72A-188420A55183}.Debug|Any CPU.ActiveCfg = Debug|Any CPU
		{EFCE58E5-F17C-449D-B72A-188420A55183}.Debug|Any CPU.Build.0 = Debug|Any CPU
		{EFCE58E5-F17C-449D-B72A-188420A55183}.Release|Any CPU.ActiveCfg = Release|Any CPU
		{EFCE58E5-F17C-449D-B72A-188420A55183}.Release|Any CPU.Build.0 = Release|Any CPU
	EndGlobalSection
	GlobalSection(SolutionProperties) = preSolution
		HideSolutionNode = FALSE
	EndGlobalSection
	GlobalSection(ExtensibilityGlobals) = postSolution
		SolutionGuid = {1BE40C75-4AC3-4E0E-93DE-8F99A1143262}
	EndGlobalSection
EndGlobal
